
Microsoft Visual Studio Solution File, Format Version 12.00
# Visual Studio Version 17
VisualStudioVersion = 17.14.37012.4 d17.14
MinimumVisualStudioVersion = 10.0.40219.1
Project("{FAE04EC0-301F-11D3-BF4B-00C04F79EFBC}") = "Modul1", "Modul1\Modul1.csproj", "{1584DF0A-D855-4E68-9C10-3AD8B2BD49E5}"
EndProject
Global
	GlobalSection(SolutionConfigurationPlatforms) = preSolution
		Debug|Any CPU = Debug|Any CPU
		Release|Any CPU = Release|Any CPU
	EndGlobalSection
	GlobalSection(ProjectConfigurationPlatforms) = postSolution
		{1584DF0A-D855-4E68-9C10-3AD8B2BD49E5}.Debug|Any CPU.ActiveCfg = Debug|Any CPU
		{1584DF0A-D855-4E68-9C10-3AD8B2BD49E5}.Debug|Any CPU.Build.0 = Debug|Any CPU
		{1584DF0A-D855-4E68-9C10-3AD8B2BD49E5}.Release|Any CPU.ActiveCfg = Release|Any CPU
		{1584DF0A-D855-4E68-9C10-3AD8B2BD49E5}.Release|Any CPU.Build.0 = Release|Any CPU
	EndGlobalSection
	GlobalSection(SolutionProperties) = preSolution
		HideSolutionNode = FALSE
	EndGlobalSection
	GlobalSection(ExtensibilityGlobals) = postSolution
		SolutionGuid = {C24973C5-82D9-4DE8-97AD-657764C0E6A7}
	EndGlobalSection
EndGlobal
