
Microsoft Visual Studio Solution File, Format Version 12.00
# Visual Studio Version 17
VisualStudioVersion = 17.14.37012.4 d17.14
MinimumVisualStudioVersion = 10.0.40219.1
Project("{FAE04EC0-301F-11D3-BF4B-00C04F79EFBC}") = "Modul2", "Modul2\Modul2.csproj", "{06858C25-6F09-453F-AE0A-9DD808F5C592}"
EndProject
Global
	GlobalSection(SolutionConfigurationPlatforms) = preSolution
		Debug|Any CPU = Debug|Any CPU
		Release|Any CPU = Release|Any CPU
	EndGlobalSection
	GlobalSection(ProjectConfigurationPlatforms) = postSolution
		{06858C25-6F09-453F-AE0A-9DD808F5C592}.Debug|Any CPU.ActiveCfg = Debug|Any CPU
		{06858C25-6F09-453F-AE0A-9DD808F5C592}.Debug|Any CPU.Build.0 = Debug|Any CPU
		{06858C25-6F09-453F-AE0A-9DD808F5C592}.Release|Any CPU.ActiveCfg = Release|Any CPU
		{06858C25-6F09-453F-AE0A-9DD808F5C592}.Release|Any CPU.Build.0 = Release|Any CPU
	EndGlobalSection
	GlobalSection(SolutionProperties) = preSolution
		HideSolutionNode = FALSE
	EndGlobalSection
	GlobalSection(ExtensibilityGlobals) = postSolution
		SolutionGuid = {A3ECCDB7-2A14-4C6D-BE10-A12EF01B0891}
	EndGlobalSection
EndGlobal
